// !$*UTF8*$!
{
	archiveVersion = 1;
	classes = {
	};
	objectVersion = 56;
	objects = {

/* Begin PBXBuildFile section */
		98CCC88229B4E61F00D41685 /* AppDelegate.swift in Sources */ = {isa = PBXBuildFile; fileRef = 98CCC88129B4E61F00D41685 /* AppDelegate.swift */; };
		98CCC88429B4E61F00D41685 /* SceneDelegate.swift in Sources */ = {isa = PBXBuildFile; fileRef = 98CCC88329B4E61F00D41685 /* SceneDelegate.swift */; };
		98CCC88629B4E61F00D41685 /* DiaryViewController.swift in Sources */ = {isa = PBXBuildFile; fileRef = 98CCC88529B4E61F00D41685 /* DiaryViewController.swift */; };
		98CCC88C29B4E61F00D41685 /* Today.xcdatamodeld in Sources */ = {isa = PBXBuildFile; fileRef = 98CCC88A29B4E61F00D41685 /* Today.xcdatamodeld */; };
		98CCC88E29B4E62000D41685 /* Assets.xcassets in Resources */ = {isa = PBXBuildFile; fileRef = 98CCC88D29B4E62000D41685 /* Assets.xcassets */; };
		98CCC89129B4E62000D41685 /* LaunchScreen.storyboard in Resources */ = {isa = PBXBuildFile; fileRef = 98CCC88F29B4E62000D41685 /* LaunchScreen.storyboard */; };
		98CCC89C29B4E62000D41685 /* TodayTests.swift in Sources */ = {isa = PBXBuildFile; fileRef = 98CCC89B29B4E62000D41685 /* TodayTests.swift */; };
		98CCC8B729B4E6ED00D41685 /* Observable.swift in Sources */ = {isa = PBXBuildFile; fileRef = 98CCC8B629B4E6ED00D41685 /* Observable.swift */; };
		98CCC8BA29B4E71900D41685 /* CoreDataStack.swift in Sources */ = {isa = PBXBuildFile; fileRef = 98CCC8B929B4E71900D41685 /* CoreDataStack.swift */; };
		98CCC8BD29B4E7F200D41685 /* TabBarViewController.swift in Sources */ = {isa = PBXBuildFile; fileRef = 98CCC8BC29B4E7F200D41685 /* TabBarViewController.swift */; };
		98CCC8C029B4E93C00D41685 /* ProfilViewController.swift in Sources */ = {isa = PBXBuildFile; fileRef = 98CCC8BF29B4E93C00D41685 /* ProfilViewController.swift */; };
		98CCC8CD29B4FCF100D41685 /* Entry.swift in Sources */ = {isa = PBXBuildFile; fileRef = 98CCC8CC29B4FCF100D41685 /* Entry.swift */; };
/* End PBXBuildFile section */

/* Begin PBXContainerItemProxy section */
		98CCC89829B4E62000D41685 /* PBXContainerItemProxy */ = {
			isa = PBXContainerItemProxy;
			containerPortal = 98CCC87629B4E61F00D41685 /* Project object */;
			proxyType = 1;
			remoteGlobalIDString = 98CCC87D29B4E61F00D41685;
			remoteInfo = Today;
		};
		98CCC8A229B4E62000D41685 /* PBXContainerItemProxy */ = {
			isa = PBXContainerItemProxy;
			containerPortal = 98CCC87629B4E61F00D41685 /* Project object */;
			proxyType = 1;
			remoteGlobalIDString = 98CCC87D29B4E61F00D41685;
			remoteInfo = Today;
		};
/* End PBXContainerItemProxy section */

/* Begin PBXFileReference section */
		98CCC87E29B4E61F00D41685 /* Today.app */ = {isa = PBXFileReference; explicitFileType = wrapper.application; includeInIndex = 0; path = Today.app; sourceTree = BUILT_PRODUCTS_DIR; };
		98CCC88129B4E61F00D41685 /* AppDelegate.swift */ = {isa = PBXFileReference; lastKnownFileType = sourcecode.swift; path = AppDelegate.swift; sourceTree = "<group>"; };
		98CCC88329B4E61F00D41685 /* SceneDelegate.swift */ = {isa = PBXFileReference; lastKnownFileType = sourcecode.swift; path = SceneDelegate.swift; sourceTree = "<group>"; };
		98CCC88529B4E61F00D41685 /* DiaryViewController.swift */ = {isa = PBXFileReference; lastKnownFileType = sourcecode.swift; path = DiaryViewController.swift; sourceTree = "<group>"; };
		98CCC88B29B4E61F00D41685 /* Today.xcdatamodel */ = {isa = PBXFileReference; lastKnownFileType = wrapper.xcdatamodel; path = Today.xcdatamodel; sourceTree = "<group>"; };
		98CCC88D29B4E62000D41685 /* Assets.xcassets */ = {isa = PBXFileReference; lastKnownFileType = folder.assetcatalog; path = Assets.xcassets; sourceTree = "<group>"; };
		98CCC89029B4E62000D41685 /* Base */ = {isa = PBXFileReference; lastKnownFileType = file.storyboard; name = Base; path = Base.lproj/LaunchScreen.storyboard; sourceTree = "<group>"; };
		98CCC89229B4E62000D41685 /* Info.plist */ = {isa = PBXFileReference; lastKnownFileType = text.plist.xml; path = Info.plist; sourceTree = "<group>"; };
		98CCC89729B4E62000D41685 /* TodayTests.xctest */ = {isa = PBXFileReference; explicitFileType = wrapper.cfbundle; includeInIndex = 0; path = TodayTests.xctest; sourceTree = BUILT_PRODUCTS_DIR; };
		98CCC89B29B4E62000D41685 /* TodayTests.swift */ = {isa = PBXFileReference; lastKnownFileType = sourcecode.swift; path = TodayTests.swift; sourceTree = "<group>"; };
		98CCC8A129B4E62000D41685 /* TodayUITests.xctest */ = {isa = PBXFileReference; explicitFileType = wrapper.cfbundle; includeInIndex = 0; path = TodayUITests.xctest; sourceTree = BUILT_PRODUCTS_DIR; };
		98CCC8B629B4E6ED00D41685 /* Observable.swift */ = {isa = PBXFileReference; lastKnownFileType = sourcecode.swift; path = Observable.swift; sourceTree = "<group>"; };
		98CCC8B929B4E71900D41685 /* CoreDataStack.swift */ = {isa = PBXFileReference; lastKnownFileType = sourcecode.swift; path = CoreDataStack.swift; sourceTree = "<group>"; };
		98CCC8BC29B4E7F200D41685 /* TabBarViewController.swift */ = {isa = PBXFileReference; lastKnownFileType = sourcecode.swift; path = TabBarViewController.swift; sourceTree = "<group>"; };
		98CCC8BF29B4E93C00D41685 /* ProfilViewController.swift */ = {isa = PBXFileReference; lastKnownFileType = sourcecode.swift; path = ProfilViewController.swift; sourceTree = "<group>"; };
		98CCC8CC29B4FCF100D41685 /* Entry.swift */ = {isa = PBXFileReference; lastKnownFileType = sourcecode.swift; path = Entry.swift; sourceTree = "<group>"; };
/* End PBXFileReference section */

/* Begin PBXFrameworksBuildPhase section */
		98CCC87B29B4E61F00D41685 /* Frameworks */ = {
			isa = PBXFrameworksBuildPhase;
			buildActionMask = 2147483647;
			files = (
			);
			runOnlyForDeploymentPostprocessing = 0;
		};
		98CCC89429B4E62000D41685 /* Frameworks */ = {
			isa = PBXFrameworksBuildPhase;
			buildActionMask = 2147483647;
			files = (
			);
			runOnlyForDeploymentPostprocessing = 0;
		};
		98CCC89E29B4E62000D41685 /* Frameworks */ = {
			isa = PBXFrameworksBuildPhase;
			buildActionMask = 2147483647;
			files = (
			);
			runOnlyForDeploymentPostprocessing = 0;
		};
/* End PBXFrameworksBuildPhase section */

/* Begin PBXGroup section */
		98CCC87529B4E61F00D41685 = {
			isa = PBXGroup;
			children = (
				98CCC88029B4E61F00D41685 /* Today */,
				98CCC89A29B4E62000D41685 /* TodayTests */,
				98CCC87F29B4E61F00D41685 /* Products */,
			);
			sourceTree = "<group>";
		};
		98CCC87F29B4E61F00D41685 /* Products */ = {
			isa = PBXGroup;
			children = (
				98CCC87E29B4E61F00D41685 /* Today.app */,
				98CCC89729B4E62000D41685 /* TodayTests.xctest */,
				98CCC8A129B4E62000D41685 /* TodayUITests.xctest */,
			);
			name = Products;
			sourceTree = "<group>";
		};
		98CCC88029B4E61F00D41685 /* Today */ = {
			isa = PBXGroup;
			children = (
				98CCC8B529B4E6D300D41685 /* Core */,
				98CCC8B429B4E6A700D41685 /* Apple Generated */,
				98CCC8BB29B4E7E100D41685 /* Navigation */,
				98CCC8BE29B4E85E00D41685 /* Controllers */,
				98CCC8B829B4E70700D41685 /* Models */,
				98CCC8C229B4F69B00D41685 /* Views */,
				98CCC8C129B4F68B00D41685 /* Ressources */,
				98CCC89229B4E62000D41685 /* Info.plist */,
			);
			path = Today;
			sourceTree = "<group>";
		};
		98CCC89A29B4E62000D41685 /* TodayTests */ = {
			isa = PBXGroup;
			children = (
				98CCC89B29B4E62000D41685 /* TodayTests.swift */,
			);
			path = TodayTests;
			sourceTree = "<group>";
		};
		98CCC8B429B4E6A700D41685 /* Apple Generated */ = {
			isa = PBXGroup;
			children = (
				98CCC88129B4E61F00D41685 /* AppDelegate.swift */,
				98CCC88329B4E61F00D41685 /* SceneDelegate.swift */,
			);
			path = "Apple Generated";
			sourceTree = "<group>";
		};
		98CCC8B529B4E6D300D41685 /* Core */ = {
			isa = PBXGroup;
			children = (
				98CCC8B629B4E6ED00D41685 /* Observable.swift */,
			);
			path = Core;
			sourceTree = "<group>";
		};
		98CCC8B829B4E70700D41685 /* Models */ = {
			isa = PBXGroup;
			children = (
				98CCC8C329B4F6B300D41685 /* CoreData */,
				98CCC8CC29B4FCF100D41685 /* Entry.swift */,
			);
			path = Models;
			sourceTree = "<group>";
		};
		98CCC8BB29B4E7E100D41685 /* Navigation */ = {
			isa = PBXGroup;
			children = (
				98CCC8BC29B4E7F200D41685 /* TabBarViewController.swift */,
			);
			path = Navigation;
			sourceTree = "<group>";
		};
		98CCC8BE29B4E85E00D41685 /* Controllers */ = {
			isa = PBXGroup;
			children = (
				98CCC88529B4E61F00D41685 /* DiaryViewController.swift */,
				98CCC8BF29B4E93C00D41685 /* ProfilViewController.swift */,
			);
			path = Controllers;
			sourceTree = "<group>";
		};
		98CCC8C129B4F68B00D41685 /* Ressources */ = {
			isa = PBXGroup;
			children = (
				98CCC88D29B4E62000D41685 /* Assets.xcassets */,
			);
			path = Ressources;
			sourceTree = "<group>";
		};
		98CCC8C229B4F69B00D41685 /* Views */ = {
			isa = PBXGroup;
			children = (
				98CCC88F29B4E62000D41685 /* LaunchScreen.storyboard */,
			);
			path = Views;
			sourceTree = "<group>";
		};
		98CCC8C329B4F6B300D41685 /* CoreData */ = {
			isa = PBXGroup;
			children = (
				98CCC88A29B4E61F00D41685 /* Today.xcdatamodeld */,
				98CCC8B929B4E71900D41685 /* CoreDataStack.swift */,
			);
			path = CoreData;
			sourceTree = "<group>";
		};
/* End PBXGroup section */

/* Begin PBXNativeTarget section */
		98CCC87D29B4E61F00D41685 /* Today */ = {
			isa = PBXNativeTarget;
			buildConfigurationList = 98CCC8AB29B4E62000D41685 /* Build configuration list for PBXNativeTarget "Today" */;
			buildPhases = (
				98CCC87A29B4E61F00D41685 /* Sources */,
				98CCC87B29B4E61F00D41685 /* Frameworks */,
				98CCC87C29B4E61F00D41685 /* Resources */,
			);
			buildRules = (
			);
			dependencies = (
			);
			name = Today;
			productName = Today;
			productReference = 98CCC87E29B4E61F00D41685 /* Today.app */;
			productType = "com.apple.product-type.application";
		};
		98CCC89629B4E62000D41685 /* TodayTests */ = {
			isa = PBXNativeTarget;
			buildConfigurationList = 98CCC8AE29B4E62000D41685 /* Build configuration list for PBXNativeTarget "TodayTests" */;
			buildPhases = (
				98CCC89329B4E62000D41685 /* Sources */,
				98CCC89429B4E62000D41685 /* Frameworks */,
				98CCC89529B4E62000D41685 /* Resources */,
			);
			buildRules = (
			);
			dependencies = (
				98CCC89929B4E62000D41685 /* PBXTargetDependency */,
			);
			name = TodayTests;
			productName = TodayTests;
			productReference = 98CCC89729B4E62000D41685 /* TodayTests.xctest */;
			productType = "com.apple.product-type.bundle.unit-test";
		};
		98CCC8A029B4E62000D41685 /* TodayUITests */ = {
			isa = PBXNativeTarget;
			buildConfigurationList = 98CCC8B129B4E62000D41685 /* Build configuration list for PBXNativeTarget "TodayUITests" */;
			buildPhases = (
				98CCC89D29B4E62000D41685 /* Sources */,
				98CCC89E29B4E62000D41685 /* Frameworks */,
				98CCC89F29B4E62000D41685 /* Resources */,
			);
			buildRules = (
			);
			dependencies = (
				98CCC8A329B4E62000D41685 /* PBXTargetDependency */,
			);
			name = TodayUITests;
			productName = TodayUITests;
			productReference = 98CCC8A129B4E62000D41685 /* TodayUITests.xctest */;
			productType = "com.apple.product-type.bundle.ui-testing";
		};
/* End PBXNativeTarget section */

/* Begin PBXProject section */
		98CCC87629B4E61F00D41685 /* Project object */ = {
			isa = PBXProject;
			attributes = {
				BuildIndependentTargetsInParallel = 1;
				LastSwiftUpdateCheck = 1420;
				LastUpgradeCheck = 1420;
				TargetAttributes = {
					98CCC87D29B4E61F00D41685 = {
						CreatedOnToolsVersion = 14.2;
					};
					98CCC89629B4E62000D41685 = {
						CreatedOnToolsVersion = 14.2;
						TestTargetID = 98CCC87D29B4E61F00D41685;
					};
					98CCC8A029B4E62000D41685 = {
						CreatedOnToolsVersion = 14.2;
						TestTargetID = 98CCC87D29B4E61F00D41685;
					};
				};
			};
			buildConfigurationList = 98CCC87929B4E61F00D41685 /* Build configuration list for PBXProject "Today" */;
			compatibilityVersion = "Xcode 14.0";
			developmentRegion = en;
			hasScannedForEncodings = 0;
			knownRegions = (
				en,
				Base,
			);
			mainGroup = 98CCC87529B4E61F00D41685;
			productRefGroup = 98CCC87F29B4E61F00D41685 /* Products */;
			projectDirPath = "";
			projectRoot = "";
			targets = (
				98CCC87D29B4E61F00D41685 /* Today */,
				98CCC89629B4E62000D41685 /* TodayTests */,
				98CCC8A029B4E62000D41685 /* TodayUITests */,
			);
		};
/* End PBXProject section */

/* Begin PBXResourcesBuildPhase section */
		98CCC87C29B4E61F00D41685 /* Resources */ = {
			isa = PBXResourcesBuildPhase;
			buildActionMask = 2147483647;
			files = (
				98CCC89129B4E62000D41685 /* LaunchScreen.storyboard in Resources */,
				98CCC88E29B4E62000D41685 /* Assets.xcassets in Resources */,
			);
			runOnlyForDeploymentPostprocessing = 0;
		};
		98CCC89529B4E62000D41685 /* Resources */ = {
			isa = PBXResourcesBuildPhase;
			buildActionMask = 2147483647;
			files = (
			);
			runOnlyForDeploymentPostprocessing = 0;
		};
		98CCC89F29B4E62000D41685 /* Resources */ = {
			isa = PBXResourcesBuildPhase;
			buildActionMask = 2147483647;
			files = (
			);
			runOnlyForDeploymentPostprocessing = 0;
		};
/* End PBXResourcesBuildPhase section */

/* Begin PBXSourcesBuildPhase section */
		98CCC87A29B4E61F00D41685 /* Sources */ = {
			isa = PBXSourcesBuildPhase;
			buildActionMask = 2147483647;
			files = (
				98CCC88629B4E61F00D41685 /* DiaryViewController.swift in Sources */,
				98CCC8B729B4E6ED00D41685 /* Observable.swift in Sources */,
				98CCC8BD29B4E7F200D41685 /* TabBarViewController.swift in Sources */,
				98CCC88229B4E61F00D41685 /* AppDelegate.swift in Sources */,
				98CCC8BA29B4E71900D41685 /* CoreDataStack.swift in Sources */,
				98CCC88429B4E61F00D41685 /* SceneDelegate.swift in Sources */,
				98CCC8CD29B4FCF100D41685 /* Entry.swift in Sources */,
				98CCC88C29B4E61F00D41685 /* Today.xcdatamodeld in Sources */,
				98CCC8C029B4E93C00D41685 /* ProfilViewController.swift in Sources */,
			);
			runOnlyForDeploymentPostprocessing = 0;
		};
		98CCC89329B4E62000D41685 /* Sources */ = {
			isa = PBXSourcesBuildPhase;
			buildActionMask = 2147483647;
			files = (
				98CCC89C29B4E62000D41685 /* TodayTests.swift in Sources */,
			);
			runOnlyForDeploymentPostprocessing = 0;
		};
		98CCC89D29B4E62000D41685 /* Sources */ = {
			isa = PBXSourcesBuildPhase;
			buildActionMask = 2147483647;
			files = (
			);
			runOnlyForDeploymentPostprocessing = 0;
		};
/* End PBXSourcesBuildPhase section */

/* Begin PBXTargetDependency section */
		98CCC89929B4E62000D41685 /* PBXTargetDependency */ = {
			isa = PBXTargetDependency;
			target = 98CCC87D29B4E61F00D41685 /* Today */;
			targetProxy = 98CCC89829B4E62000D41685 /* PBXContainerItemProxy */;
		};
		98CCC8A329B4E62000D41685 /* PBXTargetDependency */ = {
			isa = PBXTargetDependency;
			target = 98CCC87D29B4E61F00D41685 /* Today */;
			targetProxy = 98CCC8A229B4E62000D41685 /* PBXContainerItemProxy */;
		};
/* End PBXTargetDependency section */

/* Begin PBXVariantGroup section */
		98CCC88F29B4E62000D41685 /* LaunchScreen.storyboard */ = {
			isa = PBXVariantGroup;
			children = (
				98CCC89029B4E62000D41685 /* Base */,
			);
			name = LaunchScreen.storyboard;
			sourceTree = "<group>";
		};
/* End PBXVariantGroup section */

/* Begin XCBuildConfiguration section */
		98CCC8A929B4E62000D41685 /* Debug */ = {
			isa = XCBuildConfiguration;
			buildSettings = {
				ALWAYS_SEARCH_USER_PATHS = NO;
				CLANG_ANALYZER_NONNULL = YES;
				CLANG_ANALYZER_NUMBER_OBJECT_CONVERSION = YES_AGGRESSIVE;
				CLANG_CXX_LANGUAGE_STANDARD = "gnu++20";
				CLANG_ENABLE_MODULES = YES;
				CLANG_ENABLE_OBJC_ARC = YES;
				CLANG_ENABLE_OBJC_WEAK = YES;
				CLANG_WARN_BLOCK_CAPTURE_AUTORELEASING = YES;
				CLANG_WARN_BOOL_CONVERSION = YES;
				CLANG_WARN_COMMA = YES;
				CLANG_WARN_CONSTANT_CONVERSION = YES;
				CLANG_WARN_DEPRECATED_OBJC_IMPLEMENTATIONS = YES;
				CLANG_WARN_DIRECT_OBJC_ISA_USAGE = YES_ERROR;
				CLANG_WARN_DOCUMENTATION_COMMENTS = YES;
				CLANG_WARN_EMPTY_BODY = YES;
				CLANG_WARN_ENUM_CONVERSION = YES;
				CLANG_WARN_INFINITE_RECURSION = YES;
				CLANG_WARN_INT_CONVERSION = YES;
				CLANG_WARN_NON_LITERAL_NULL_CONVERSION = YES;
				CLANG_WARN_OBJC_IMPLICIT_RETAIN_SELF = YES;
				CLANG_WARN_OBJC_LITERAL_CONVERSION = YES;
				CLANG_WARN_OBJC_ROOT_CLASS = YES_ERROR;
				CLANG_WARN_QUOTED_INCLUDE_IN_FRAMEWORK_HEADER = YES;
				CLANG_WARN_RANGE_LOOP_ANALYSIS = YES;
				CLANG_WARN_STRICT_PROTOTYPES = YES;
				CLANG_WARN_SUSPICIOUS_MOVE = YES;
				CLANG_WARN_UNGUARDED_AVAILABILITY = YES_AGGRESSIVE;
				CLANG_WARN_UNREACHABLE_CODE = YES;
				CLANG_WARN__DUPLICATE_METHOD_MATCH = YES;
				COPY_PHASE_STRIP = NO;
				DEBUG_INFORMATION_FORMAT = dwarf;
				ENABLE_STRICT_OBJC_MSGSEND = YES;
				ENABLE_TESTABILITY = YES;
				GCC_C_LANGUAGE_STANDARD = gnu11;
				GCC_DYNAMIC_NO_PIC = NO;
				GCC_NO_COMMON_BLOCKS = YES;
				GCC_OPTIMIZATION_LEVEL = 0;
				GCC_PREPROCESSOR_DEFINITIONS = (
					"DEBUG=1",
					"$(inherited)",
				);
				GCC_WARN_64_TO_32_BIT_CONVERSION = YES;
				GCC_WARN_ABOUT_RETURN_TYPE = YES_ERROR;
				GCC_WARN_UNDECLARED_SELECTOR = YES;
				GCC_WARN_UNINITIALIZED_AUTOS = YES_AGGRESSIVE;
				GCC_WARN_UNUSED_FUNCTION = YES;
				GCC_WARN_UNUSED_VARIABLE = YES;
				IPHONEOS_DEPLOYMENT_TARGET = 16.2;
				MTL_ENABLE_DEBUG_INFO = INCLUDE_SOURCE;
				MTL_FAST_MATH = YES;
				ONLY_ACTIVE_ARCH = YES;
				SDKROOT = iphoneos;
				SWIFT_ACTIVE_COMPILATION_CONDITIONS = DEBUG;
				SWIFT_OPTIMIZATION_LEVEL = "-Onone";
			};
			name = Debug;
		};
		98CCC8AA29B4E62000D41685 /* Release */ = {
			isa = XCBuildConfiguration;
			buildSettings = {
				ALWAYS_SEARCH_USER_PATHS = NO;
				CLANG_ANALYZER_NONNULL = YES;
				CLANG_ANALYZER_NUMBER_OBJECT_CONVERSION = YES_AGGRESSIVE;
				CLANG_CXX_LANGUAGE_STANDARD = "gnu++20";
				CLANG_ENABLE_MODULES = YES;
				CLANG_ENABLE_OBJC_ARC = YES;
				CLANG_ENABLE_OBJC_WEAK = YES;
				CLANG_WARN_BLOCK_CAPTURE_AUTORELEASING = YES;
				CLANG_WARN_BOOL_CONVERSION = YES;
				CLANG_WARN_COMMA = YES;
				CLANG_WARN_CONSTANT_CONVERSION = YES;
				CLANG_WARN_DEPRECATED_OBJC_IMPLEMENTATIONS = YES;
				CLANG_WARN_DIRECT_OBJC_ISA_USAGE = YES_ERROR;
				CLANG_WARN_DOCUMENTATION_COMMENTS = YES;
				CLANG_WARN_EMPTY_BODY = YES;
				CLANG_WARN_ENUM_CONVERSION = YES;
				CLANG_WARN_INFINITE_RECURSION = YES;
				CLANG_WARN_INT_CONVERSION = YES;
				CLANG_WARN_NON_LITERAL_NULL_CONVERSION = YES;
				CLANG_WARN_OBJC_IMPLICIT_RETAIN_SELF = YES;
				CLANG_WARN_OBJC_LITERAL_CONVERSION = YES;
				CLANG_WARN_OBJC_ROOT_CLASS = YES_ERROR;
				CLANG_WARN_QUOTED_INCLUDE_IN_FRAMEWORK_HEADER = YES;
				CLANG_WARN_RANGE_LOOP_ANALYSIS = YES;
				CLANG_WARN_STRICT_PROTOTYPES = YES;
				CLANG_WARN_SUSPICIOUS_MOVE = YES;
				CLANG_WARN_UNGUARDED_AVAILABILITY = YES_AGGRESSIVE;
				CLANG_WARN_UNREACHABLE_CODE = YES;
				CLANG_WARN__DUPLICATE_METHOD_MATCH = YES;
				COPY_PHASE_STRIP = NO;
				DEBUG_INFORMATION_FORMAT = "dwarf-with-dsym";
				ENABLE_NS_ASSERTIONS = NO;
				ENABLE_STRICT_OBJC_MSGSEND = YES;
				GCC_C_LANGUAGE_STANDARD = gnu11;
				GCC_NO_COMMON_BLOCKS = YES;
				GCC_WARN_64_TO_32_BIT_CONVERSION = YES;
				GCC_WARN_ABOUT_RETURN_TYPE = YES_ERROR;
				GCC_WARN_UNDECLARED_SELECTOR = YES;
				GCC_WARN_UNINITIALIZED_AUTOS = YES_AGGRESSIVE;
				GCC_WARN_UNUSED_FUNCTION = YES;
				GCC_WARN_UNUSED_VARIABLE = YES;
				IPHONEOS_DEPLOYMENT_TARGET = 16.2;
				MTL_ENABLE_DEBUG_INFO = NO;
				MTL_FAST_MATH = YES;
				SDKROOT = iphoneos;
				SWIFT_COMPILATION_MODE = wholemodule;
				SWIFT_OPTIMIZATION_LEVEL = "-O";
				VALIDATE_PRODUCT = YES;
			};
			name = Release;
		};
		98CCC8AC29B4E62000D41685 /* Debug */ = {
			isa = XCBuildConfiguration;
			buildSettings = {
				ASSETCATALOG_COMPILER_APPICON_NAME = AppIcon;
				ASSETCATALOG_COMPILER_GLOBAL_ACCENT_COLOR_NAME = AccentColor;
				CODE_SIGN_STYLE = Automatic;
				CURRENT_PROJECT_VERSION = 1;
				DEVELOPMENT_TEAM = GB34966X5M;
				GENERATE_INFOPLIST_FILE = YES;
				INFOPLIST_FILE = Today/Info.plist;
				INFOPLIST_KEY_UIApplicationSupportsIndirectInputEvents = YES;
				INFOPLIST_KEY_UILaunchStoryboardName = LaunchScreen.storyboard;
				INFOPLIST_KEY_UIMainStoryboardFile = "";
				INFOPLIST_KEY_UISupportedInterfaceOrientations = UIInterfaceOrientationPortrait;
				INFOPLIST_KEY_UISupportedInterfaceOrientations_iPad = "UIInterfaceOrientationPortrait UIInterfaceOrientationPortraitUpsideDown";
				LD_RUNPATH_SEARCH_PATHS = (
					"$(inherited)",
					"@executable_path/Frameworks",
				);
				MARKETING_VERSION = 1.0;
				PRODUCT_BUNDLE_IDENTIFIER = com.lorenebrocourt.Today;
				PRODUCT_NAME = "$(TARGET_NAME)";
				SWIFT_EMIT_LOC_STRINGS = YES;
				SWIFT_VERSION = 5.0;
				TARGETED_DEVICE_FAMILY = "1,2";
			};
			name = Debug;
		};
		98CCC8AD29B4E62000D41685 /* Release */ = {
			isa = XCBuildConfiguration;
			buildSettings = {
				ASSETCATALOG_COMPILER_APPICON_NAME = AppIcon;
				ASSETCATALOG_COMPILER_GLOBAL_ACCENT_COLOR_NAME = AccentColor;
				CODE_SIGN_STYLE = Automatic;
				CURRENT_PROJECT_VERSION = 1;
				DEVELOPMENT_TEAM = GB34966X5M;
				GENERATE_INFOPLIST_FILE = YES;
				INFOPLIST_FILE = Today/Info.plist;
				INFOPLIST_KEY_UIApplicationSupportsIndirectInputEvents = YES;
				INFOPLIST_KEY_UILaunchStoryboardName = LaunchScreen.storyboard;
				INFOPLIST_KEY_UIMainStoryboardFile = "";
				INFOPLIST_KEY_UISupportedInterfaceOrientations = UIInterfaceOrientationPortrait;
				INFOPLIST_KEY_UISupportedInterfaceOrientations_iPad = "UIInterfaceOrientationPortrait UIInterfaceOrientationPortraitUpsideDown";
				LD_RUNPATH_SEARCH_PATHS = (
					"$(inherited)",
					"@executable_path/Frameworks",
				);
				MARKETING_VERSION = 1.0;
				PRODUCT_BUNDLE_IDENTIFIER = com.lorenebrocourt.Today;
				PRODUCT_NAME = "$(TARGET_NAME)";
				SWIFT_EMIT_LOC_STRINGS = YES;
				SWIFT_VERSION = 5.0;
				TARGETED_DEVICE_FAMILY = "1,2";
			};
			name = Release;
		};
		98CCC8AF29B4E62000D41685 /* Debug */ = {
			isa = XCBuildConfiguration;
			buildSettings = {
				ALWAYS_EMBED_SWIFT_STANDARD_LIBRARIES = YES;
				BUNDLE_LOADER = "$(TEST_HOST)";
				CODE_SIGN_STYLE = Automatic;
				CURRENT_PROJECT_VERSION = 1;
				DEVELOPMENT_TEAM = GB34966X5M;
				GENERATE_INFOPLIST_FILE = YES;
				IPHONEOS_DEPLOYMENT_TARGET = 16.2;
				MARKETING_VERSION = 1.0;
				PRODUCT_BUNDLE_IDENTIFIER = com.lorenebrocourt.TodayTests;
				PRODUCT_NAME = "$(TARGET_NAME)";
				SWIFT_EMIT_LOC_STRINGS = NO;
				SWIFT_VERSION = 5.0;
				TARGETED_DEVICE_FAMILY = "1,2";
				TEST_HOST = "$(BUILT_PRODUCTS_DIR)/Today.app/$(BUNDLE_EXECUTABLE_FOLDER_PATH)/Today";
			};
			name = Debug;
		};
		98CCC8B029B4E62000D41685 /* Release */ = {
			isa = XCBuildConfiguration;
			buildSettings = {
				ALWAYS_EMBED_SWIFT_STANDARD_LIBRARIES = YES;
				BUNDLE_LOADER = "$(TEST_HOST)";
				CODE_SIGN_STYLE = Automatic;
				CURRENT_PROJECT_VERSION = 1;
				DEVELOPMENT_TEAM = GB34966X5M;
				GENERATE_INFOPLIST_FILE = YES;
				IPHONEOS_DEPLOYMENT_TARGET = 16.2;
				MARKETING_VERSION = 1.0;
				PRODUCT_BUNDLE_IDENTIFIER = com.lorenebrocourt.TodayTests;
				PRODUCT_NAME = "$(TARGET_NAME)";
				SWIFT_EMIT_LOC_STRINGS = NO;
				SWIFT_VERSION = 5.0;
				TARGETED_DEVICE_FAMILY = "1,2";
				TEST_HOST = "$(BUILT_PRODUCTS_DIR)/Today.app/$(BUNDLE_EXECUTABLE_FOLDER_PATH)/Today";
			};
			name = Release;
		};
		98CCC8B229B4E62000D41685 /* Debug */ = {
			isa = XCBuildConfiguration;
			buildSettings = {
				ALWAYS_EMBED_SWIFT_STANDARD_LIBRARIES = YES;
				CODE_SIGN_STYLE = Automatic;
				CURRENT_PROJECT_VERSION = 1;
				DEVELOPMENT_TEAM = GB34966X5M;
				GENERATE_INFOPLIST_FILE = YES;
				MARKETING_VERSION = 1.0;
				PRODUCT_BUNDLE_IDENTIFIER = com.lorenebrocourt.TodayUITests;
				PRODUCT_NAME = "$(TARGET_NAME)";
				SWIFT_EMIT_LOC_STRINGS = NO;
				SWIFT_VERSION = 5.0;
				TARGETED_DEVICE_FAMILY = "1,2";
				TEST_TARGET_NAME = Today;
			};
			name = Debug;
		};
		98CCC8B329B4E62000D41685 /* Release */ = {
			isa = XCBuildConfiguration;
			buildSettings = {
				ALWAYS_EMBED_SWIFT_STANDARD_LIBRARIES = YES;
				CODE_SIGN_STYLE = Automatic;
				CURRENT_PROJECT_VERSION = 1;
				DEVELOPMENT_TEAM = GB34966X5M;
				GENERATE_INFOPLIST_FILE = YES;
				MARKETING_VERSION = 1.0;
				PRODUCT_BUNDLE_IDENTIFIER = com.lorenebrocourt.TodayUITests;
				PRODUCT_NAME = "$(TARGET_NAME)";
				SWIFT_EMIT_LOC_STRINGS = NO;
				SWIFT_VERSION = 5.0;
				TARGETED_DEVICE_FAMILY = "1,2";
				TEST_TARGET_NAME = Today;
			};
			name = Release;
		};
/* End XCBuildConfiguration section */

/* Begin XCConfigurationList section */
		98CCC87929B4E61F00D41685 /* Build configuration list for PBXProject "Today" */ = {
			isa = XCConfigurationList;
			buildConfigurations = (
				98CCC8A929B4E62000D41685 /* Debug */,
				98CCC8AA29B4E62000D41685 /* Release */,
			);
			defaultConfigurationIsVisible = 0;
			defaultConfigurationName = Release;
		};
		98CCC8AB29B4E62000D41685 /* Build configuration list for PBXNativeTarget "Today" */ = {
			isa = XCConfigurationList;
			buildConfigurations = (
				98CCC8AC29B4E62000D41685 /* Debug */,
				98CCC8AD29B4E62000D41685 /* Release */,
			);
			defaultConfigurationIsVisible = 0;
			defaultConfigurationName = Release;
		};
		98CCC8AE29B4E62000D41685 /* Build configuration list for PBXNativeTarget "TodayTests" */ = {
			isa = XCConfigurationList;
			buildConfigurations = (
				98CCC8AF29B4E62000D41685 /* Debug */,
				98CCC8B029B4E62000D41685 /* Release */,
			);
			defaultConfigurationIsVisible = 0;
			defaultConfigurationName = Release;
		};
		98CCC8B129B4E62000D41685 /* Build configuration list for PBXNativeTarget "TodayUITests" */ = {
			isa = XCConfigurationList;
			buildConfigurations = (
				98CCC8B229B4E62000D41685 /* Debug */,
				98CCC8B329B4E62000D41685 /* Release */,
			);
			defaultConfigurationIsVisible = 0;
			defaultConfigurationName = Release;
		};
/* End XCConfigurationList section */

/* Begin XCVersionGroup section */
		98CCC88A29B4E61F00D41685 /* Today.xcdatamodeld */ = {
			isa = XCVersionGroup;
			children = (
				98CCC88B29B4E61F00D41685 /* Today.xcdatamodel */,
			);
			currentVersion = 98CCC88B29B4E61F00D41685 /* Today.xcdatamodel */;
			path = Today.xcdatamodeld;
			sourceTree = "<group>";
			versionGroupType = wrapper.xcdatamodel;
		};
/* End XCVersionGroup section */
	};
	rootObject = 98CCC87629B4E61F00D41685 /* Project object */;
}
